Microsoft Visual Studio Solution File, Format Version 12.00
# Visual Studio Version 17
VisualStudioVersion = 17.5.2.0
MinimumVisualStudioVersion = 10.0.40219.1
Project("{FAE04EC0-301F-11D3-BF4B-00C04F79EFBC}") = "Apka", "Apka\Apka.csproj", "{AC38A497-85DB-E42F-2B16-59C3434E27A8}"
EndProject
Global
	GlobalSection(SolutionConfigurationPlatforms) = preSolution
		Debug|Any CPU = Debug|Any CPU
		Release|Any CPU = Release|Any CPU
	EndGlobalSection
	GlobalSection(ProjectConfigurationPlatforms) = postSolution
		{AC38A497-85DB-E42F-2B16-59C3434E27A8}.Debug|Any CPU.ActiveCfg = Debug|Any CPU
		{AC38A497-85DB-E42F-2B16-59C3434E27A8}.Debug|Any CPU.Build.0 = Debug|Any CPU
		{AC38A497-85DB-E42F-2B16-59C3434E27A8}.Release|Any CPU.ActiveCfg = Release|Any CPU
		{AC38A497-85DB-E42F-2B16-59C3434E27A8}.Release|Any CPU.Build.0 = Release|Any CPU
	EndGlobalSection
	GlobalSection(SolutionProperties) = preSolution
		HideSolutionNode = FALSE
	EndGlobalSection
	GlobalSection(ExtensibilityGlobals) = postSolution
		SolutionGuid = {1FFC17C0-5BAA-4FA6-972D-BA02E5A81A14}
	EndGlobalSection
EndGlobal
